// !$*UTF8*$!
{
	archiveVersion = 1;
	classes = {
	};
	objectVersion = 46;
	objects = {

/* Begin PBXBuildFile section */
		40BF472DC51952247A14DBC9 /* Pods.framework in Frameworks */ = {isa = PBXBuildFile; fileRef = 4F9E238D3F9C0AE128133098 /* Pods.framework */; };
		5DB5A00D1CA1905200AADC9F /* T_DesignHelper.swift in Sources */ = {isa = PBXBuildFile; fileRef = 5DB5A00C1CA1905200AADC9F /* T_DesignHelper.swift */; };
		5DB5A0271CA1AD1000AADC9F /* T_FriendRequestTableViewCell.swift in Sources */ = {isa = PBXBuildFile; fileRef = 5DB5A0221CA1AD1000AADC9F /* T_FriendRequestTableViewCell.swift */; };
		5DB5A0281CA1AD1000AADC9F /* T_FriendTableViewCell.swift in Sources */ = {isa = PBXBuildFile; fileRef = 5DB5A0231CA1AD1000AADC9F /* T_FriendTableViewCell.swift */; };
		5DB5A0291CA1AD1000AADC9F /* T_ProfileEditionViewController.swift in Sources */ = {isa = PBXBuildFile; fileRef = 5DB5A0241CA1AD1000AADC9F /* T_ProfileEditionViewController.swift */; };
		5DB5A02A1CA1AD1000AADC9F /* T_ProfileViewController.swift in Sources */ = {isa = PBXBuildFile; fileRef = 5DB5A0251CA1AD1000AADC9F /* T_ProfileViewController.swift */; };
		5DB5A02B1CA1AD1000AADC9F /* T_SettingsViewController.swift in Sources */ = {isa = PBXBuildFile; fileRef = 5DB5A0261CA1AD1000AADC9F /* T_SettingsViewController.swift */; };
		5DB5A02F1CA1C8D400AADC9F /* T_SearchUserViewController.swift in Sources */ = {isa = PBXBuildFile; fileRef = 5DB5A02E1CA1C8D400AADC9F /* T_SearchUserViewController.swift */; };
		5DB5A0331CA1D2D900AADC9F /* T_ContactsHelper.swift in Sources */ = {isa = PBXBuildFile; fileRef = 5DB5A0321CA1D2D900AADC9F /* T_ContactsHelper.swift */; };
		5DB5A0351CA2879B00AADC9F /* T_SearchContactViewController.swift in Sources */ = {isa = PBXBuildFile; fileRef = 5DB5A0341CA2879B00AADC9F /* T_SearchContactViewController.swift */; };
		7D86991F1C8F4A9D003BC1DC /* AppDelegate.swift in Sources */ = {isa = PBXBuildFile; fileRef = 7D86991E1C8F4A9D003BC1DC /* AppDelegate.swift */; };
		7D8699241C8F4A9D003BC1DC /* Main.storyboard in Resources */ = {isa = PBXBuildFile; fileRef = 7D8699221C8F4A9D003BC1DC /* Main.storyboard */; };
		7D8699261C8F4A9D003BC1DC /* Assets.xcassets in Resources */ = {isa = PBXBuildFile; fileRef = 7D8699251C8F4A9D003BC1DC /* Assets.xcassets */; };
		7D8699291C8F4A9D003BC1DC /* LaunchScreen.storyboard in Resources */ = {isa = PBXBuildFile; fileRef = 7D8699271C8F4A9D003BC1DC /* LaunchScreen.storyboard */; };
		7DD0F9AC1C9DC6BF00A856B9 /* T_AlbumLiveTableViewCell.swift in Sources */ = {isa = PBXBuildFile; fileRef = 7DD0F9AB1C9DC6BE00A856B9 /* T_AlbumLiveTableViewCell.swift */; };
		7DD0F9AE1C9DC6D700A856B9 /* T_AlbumFinishTableViewCell.swift in Sources */ = {isa = PBXBuildFile; fileRef = 7DD0F9AD1C9DC6D700A856B9 /* T_AlbumFinishTableViewCell.swift */; };
		7DD0F9B41C9EA0FB00A856B9 /* festival.jpg in Resources */ = {isa = PBXBuildFile; fileRef = 7DD0F9B01C9EA0FB00A856B9 /* festival.jpg */; };
		7DD0F9B51C9EA0FB00A856B9 /* mariage.jpg in Resources */ = {isa = PBXBuildFile; fileRef = 7DD0F9B11C9EA0FB00A856B9 /* mariage.jpg */; };
		7DD0F9B61C9EA0FB00A856B9 /* soiree.jpg in Resources */ = {isa = PBXBuildFile; fileRef = 7DD0F9B21C9EA0FB00A856B9 /* soiree.jpg */; };
		7DD0F9B71C9EA0FB00A856B9 /* voyage.jpg in Resources */ = {isa = PBXBuildFile; fileRef = 7DD0F9B31C9EA0FB00A856B9 /* voyage.jpg */; };
		B43C0E8A1CABF48300EF51E9 /* T_AddFriendToAlbumTableViewCell.swift in Sources */ = {isa = PBXBuildFile; fileRef = B43C0E891CABF48300EF51E9 /* T_AddFriendToAlbumTableViewCell.swift */; };
		B43C0E8F1CABF4E900EF51E9 /* T_CameraViewController.swift in Sources */ = {isa = PBXBuildFile; fileRef = B43C0E8B1CABF4E900EF51E9 /* T_CameraViewController.swift */; };
		B43C0E901CABF4E900EF51E9 /* T_ChooseContactsAlbumCreationViewController.swift in Sources */ = {isa = PBXBuildFile; fileRef = B43C0E8C1CABF4E900EF51E9 /* T_ChooseContactsAlbumCreationViewController.swift */; };
		B43C0E911CABF4E900EF51E9 /* T_CreateAlbumViewController.swift in Sources */ = {isa = PBXBuildFile; fileRef = B43C0E8D1CABF4E900EF51E9 /* T_CreateAlbumViewController.swift */; };
		B43C0E921CABF4E900EF51E9 /* T_EditCameraImageViewController.swift in Sources */ = {isa = PBXBuildFile; fileRef = B43C0E8E1CABF4E900EF51E9 /* T_EditCameraImageViewController.swift */; };
		B45977071CAAE7CA00D57BED /* Profile.storyboard in Resources */ = {isa = PBXBuildFile; fileRef = B46B2B741C9ABAC500135920 /* Profile.storyboard */; };
		B46B2B771C9ABADA00135920 /* Album.storyboard in Resources */ = {isa = PBXBuildFile; fileRef = B46B2B761C9ABADA00135920 /* Album.storyboard */; };
		B46B2B7D1C9ABB0400135920 /* T_HomePageViewController.swift in Sources */ = {isa = PBXBuildFile; fileRef = B46B2B7C1C9ABB0400135920 /* T_HomePageViewController.swift */; };
		B46B2B811C9ABB2900135920 /* T_AlbumViewController.swift in Sources */ = {isa = PBXBuildFile; fileRef = B46B2B801C9ABB2900135920 /* T_AlbumViewController.swift */; };
		B4C14BB91CA3DF2000413A1F /* T_Slider.swift in Sources */ = {isa = PBXBuildFile; fileRef = B4C14BB81CA3DF2000413A1F /* T_Slider.swift */; };
		B4C14BBB1CA3DF5000413A1F /* T_Filter.swift in Sources */ = {isa = PBXBuildFile; fileRef = B4C14BBA1CA3DF5000413A1F /* T_Filter.swift */; };
		B4D9BDAA1CA4885100B28C52 /* T_String+Extension.swift in Sources */ = {isa = PBXBuildFile; fileRef = B4D9BDA91CA4885100B28C52 /* T_String+Extension.swift */; };
		B4FF35D31CAB16EE00932B15 /* T_FriendAddedToAlbum.swift in Sources */ = {isa = PBXBuildFile; fileRef = B4FF35D21CAB16EE00932B15 /* T_FriendAddedToAlbum.swift */; };
/* End PBXBuildFile section */

/* Begin PBXFileReference section */
		4770CD7F4BA867BF6C3AA239 /* Pods.release.xcconfig */ = {isa = PBXFileReference; includeInIndex = 1; lastKnownFileType = text.xcconfig; name = Pods.release.xcconfig; path = "Pods/Target Support Files/Pods/Pods.release.xcconfig"; sourceTree = "<group>"; };
		4F9E238D3F9C0AE128133098 /* Pods.framework */ = {isa = PBXFileReference; explicitFileType = wrapper.framework; includeInIndex = 0; path = Pods.framework; sourceTree = BUILT_PRODUCTS_DIR; };
		5DB5A00C1CA1905200AADC9F /* T_DesignHelper.swift */ = {isa = PBXFileReference; fileEncoding = 4; lastKnownFileType = sourcecode.swift; path = T_DesignHelper.swift; sourceTree = "<group>"; };
		5DB5A0221CA1AD1000AADC9F /* T_FriendRequestTableViewCell.swift */ = {isa = PBXFileReference; fileEncoding = 4; lastKnownFileType = sourcecode.swift; path = T_FriendRequestTableViewCell.swift; sourceTree = "<group>"; };
		5DB5A0231CA1AD1000AADC9F /* T_FriendTableViewCell.swift */ = {isa = PBXFileReference; fileEncoding = 4; lastKnownFileType = sourcecode.swift; path = T_FriendTableViewCell.swift; sourceTree = "<group>"; };
		5DB5A0241CA1AD1000AADC9F /* T_ProfileEditionViewController.swift */ = {isa = PBXFileReference; fileEncoding = 4; lastKnownFileType = sourcecode.swift; path = T_ProfileEditionViewController.swift; sourceTree = "<group>"; };
		5DB5A0251CA1AD1000AADC9F /* T_ProfileViewController.swift */ = {isa = PBXFileReference; fileEncoding = 4; lastKnownFileType = sourcecode.swift; path = T_ProfileViewController.swift; sourceTree = "<group>"; };
		5DB5A0261CA1AD1000AADC9F /* T_SettingsViewController.swift */ = {isa = PBXFileReference; fileEncoding = 4; lastKnownFileType = sourcecode.swift; path = T_SettingsViewController.swift; sourceTree = "<group>"; };
		5DB5A02E1CA1C8D400AADC9F /* T_SearchUserViewController.swift */ = {isa = PBXFileReference; fileEncoding = 4; lastKnownFileType = sourcecode.swift; path = T_SearchUserViewController.swift; sourceTree = "<group>"; };
		5DB5A0321CA1D2D900AADC9F /* T_ContactsHelper.swift */ = {isa = PBXFileReference; fileEncoding = 4; lastKnownFileType = sourcecode.swift; path = T_ContactsHelper.swift; sourceTree = "<group>"; };
		5DB5A0341CA2879B00AADC9F /* T_SearchContactViewController.swift */ = {isa = PBXFileReference; fileEncoding = 4; lastKnownFileType = sourcecode.swift; path = T_SearchContactViewController.swift; sourceTree = "<group>"; };
		78F7AD880E89307F1E906BF3 /* Pods.debug.xcconfig */ = {isa = PBXFileReference; includeInIndex = 1; lastKnownFileType = text.xcconfig; name = Pods.debug.xcconfig; path = "Pods/Target Support Files/Pods/Pods.debug.xcconfig"; sourceTree = "<group>"; };
		7D86991B1C8F4A9D003BC1DC /* TimeshotApp.app */ = {isa = PBXFileReference; explicitFileType = wrapper.application; includeInIndex = 0; path = TimeshotApp.app; sourceTree = BUILT_PRODUCTS_DIR; };
		7D86991E1C8F4A9D003BC1DC /* AppDelegate.swift */ = {isa = PBXFileReference; lastKnownFileType = sourcecode.swift; path = AppDelegate.swift; sourceTree = "<group>"; };
		7D8699231C8F4A9D003BC1DC /* Base */ = {isa = PBXFileReference; lastKnownFileType = file.storyboard; name = Base; path = Base.lproj/Main.storyboard; sourceTree = "<group>"; };
		7D8699251C8F4A9D003BC1DC /* Assets.xcassets */ = {isa = PBXFileReference; lastKnownFileType = folder.assetcatalog; path = Assets.xcassets; sourceTree = "<group>"; };
		7D8699281C8F4A9D003BC1DC /* Base */ = {isa = PBXFileReference; lastKnownFileType = file.storyboard; name = Base; path = Base.lproj/LaunchScreen.storyboard; sourceTree = "<group>"; };
		7D86992A1C8F4A9D003BC1DC /* Info.plist */ = {isa = PBXFileReference; lastKnownFileType = text.plist.xml; path = Info.plist; sourceTree = "<group>"; };
		7DD0F9AB1C9DC6BE00A856B9 /* T_AlbumLiveTableViewCell.swift */ = {isa = PBXFileReference; fileEncoding = 4; lastKnownFileType = sourcecode.swift; path = T_AlbumLiveTableViewCell.swift; sourceTree = "<group>"; };
		7DD0F9AD1C9DC6D700A856B9 /* T_AlbumFinishTableViewCell.swift */ = {isa = PBXFileReference; fileEncoding = 4; lastKnownFileType = sourcecode.swift; path = T_AlbumFinishTableViewCell.swift; sourceTree = "<group>"; };
		7DD0F9B01C9EA0FB00A856B9 /* festival.jpg */ = {isa = PBXFileReference; lastKnownFileType = image.jpeg; path = festival.jpg; sourceTree = "<group>"; };
		7DD0F9B11C9EA0FB00A856B9 /* mariage.jpg */ = {isa = PBXFileReference; lastKnownFileType = image.jpeg; path = mariage.jpg; sourceTree = "<group>"; };
		7DD0F9B21C9EA0FB00A856B9 /* soiree.jpg */ = {isa = PBXFileReference; lastKnownFileType = image.jpeg; path = soiree.jpg; sourceTree = "<group>"; };
		7DD0F9B31C9EA0FB00A856B9 /* voyage.jpg */ = {isa = PBXFileReference; lastKnownFileType = image.jpeg; path = voyage.jpg; sourceTree = "<group>"; };
		B43C0E891CABF48300EF51E9 /* T_AddFriendToAlbumTableViewCell.swift */ = {isa = PBXFileReference; fileEncoding = 4; lastKnownFileType = sourcecode.swift; path = T_AddFriendToAlbumTableViewCell.swift; sourceTree = "<group>"; };
		B43C0E8B1CABF4E900EF51E9 /* T_CameraViewController.swift */ = {isa = PBXFileReference; fileEncoding = 4; lastKnownFileType = sourcecode.swift; path = T_CameraViewController.swift; sourceTree = "<group>"; };
		B43C0E8C1CABF4E900EF51E9 /* T_ChooseContactsAlbumCreationViewController.swift */ = {isa = PBXFileReference; fileEncoding = 4; lastKnownFileType = sourcecode.swift; path = T_ChooseContactsAlbumCreationViewController.swift; sourceTree = "<group>"; };
		B43C0E8D1CABF4E900EF51E9 /* T_CreateAlbumViewController.swift */ = {isa = PBXFileReference; fileEncoding = 4; lastKnownFileType = sourcecode.swift; path = T_CreateAlbumViewController.swift; sourceTree = "<group>"; };
		B43C0E8E1CABF4E900EF51E9 /* T_EditCameraImageViewController.swift */ = {isa = PBXFileReference; fileEncoding = 4; lastKnownFileType = sourcecode.swift; path = T_EditCameraImageViewController.swift; sourceTree = "<group>"; };
		B46B2B741C9ABAC500135920 /* Profile.storyboard */ = {isa = PBXFileReference; fileEncoding = 4; lastKnownFileType = file.storyboard; path = Profile.storyboard; sourceTree = "<group>"; };
		B46B2B761C9ABADA00135920 /* Album.storyboard */ = {isa = PBXFileReference; fileEncoding = 4; lastKnownFileType = file.storyboard; path = Album.storyboard; sourceTree = "<group>"; };
		B46B2B7C1C9ABB0400135920 /* T_HomePageViewController.swift */ = {isa = PBXFileReference; fileEncoding = 4; lastKnownFileType = sourcecode.swift; path = T_HomePageViewController.swift; sourceTree = "<group>"; };
		B46B2B801C9ABB2900135920 /* T_AlbumViewController.swift */ = {isa = PBXFileReference; fileEncoding = 4; lastKnownFileType = sourcecode.swift; path = T_AlbumViewController.swift; sourceTree = "<group>"; };
		B4C14BB81CA3DF2000413A1F /* T_Slider.swift */ = {isa = PBXFileReference; fileEncoding = 4; lastKnownFileType = sourcecode.swift; path = T_Slider.swift; sourceTree = "<group>"; };
		B4C14BBA1CA3DF5000413A1F /* T_Filter.swift */ = {isa = PBXFileReference; fileEncoding = 4; lastKnownFileType = sourcecode.swift; path = T_Filter.swift; sourceTree = "<group>"; };
		B4D9BDA91CA4885100B28C52 /* T_String+Extension.swift */ = {isa = PBXFileReference; fileEncoding = 4; lastKnownFileType = sourcecode.swift; path = "T_String+Extension.swift"; sourceTree = "<group>"; };
		B4FF35D21CAB16EE00932B15 /* T_FriendAddedToAlbum.swift */ = {isa = PBXFileReference; fileEncoding = 4; lastKnownFileType = sourcecode.swift; path = T_FriendAddedToAlbum.swift; sourceTree = "<group>"; };
/* End PBXFileReference section */

/* Begin PBXFrameworksBuildPhase section */
		7D8699181C8F4A9D003BC1DC /* Frameworks */ = {
			isa = PBXFrameworksBuildPhase;
			buildActionMask = 2147483647;
			files = (
				40BF472DC51952247A14DBC9 /* Pods.framework in Frameworks */,
			);
			runOnlyForDeploymentPostprocessing = 0;
		};
/* End PBXFrameworksBuildPhase section */

/* Begin PBXGroup section */
		5DB5A00B1CA1902500AADC9F /* Helpers */ = {
			isa = PBXGroup;
			children = (
				5DB5A00C1CA1905200AADC9F /* T_DesignHelper.swift */,
				5DB5A0321CA1D2D900AADC9F /* T_ContactsHelper.swift */,
				B4D9BDA91CA4885100B28C52 /* T_String+Extension.swift */,
			);
			path = Helpers;
			sourceTree = "<group>";
		};
		5DB5A0201CA1AD1000AADC9F /* UserProfile */ = {
			isa = PBXGroup;
			children = (
				5DB5A0211CA1AD1000AADC9F /* CustomTableViewCell */,
				5DB5A0241CA1AD1000AADC9F /* T_ProfileEditionViewController.swift */,
				5DB5A0251CA1AD1000AADC9F /* T_ProfileViewController.swift */,
				5DB5A0261CA1AD1000AADC9F /* T_SettingsViewController.swift */,
				5DB5A02E1CA1C8D400AADC9F /* T_SearchUserViewController.swift */,
				5DB5A0341CA2879B00AADC9F /* T_SearchContactViewController.swift */,
			);
			path = UserProfile;
			sourceTree = "<group>";
		};
		5DB5A0211CA1AD1000AADC9F /* CustomTableViewCell */ = {
			isa = PBXGroup;
			children = (
				5DB5A0221CA1AD1000AADC9F /* T_FriendRequestTableViewCell.swift */,
				5DB5A0231CA1AD1000AADC9F /* T_FriendTableViewCell.swift */,
			);
			path = CustomTableViewCell;
			sourceTree = "<group>";
		};
		7D8699121C8F4A9D003BC1DC = {
			isa = PBXGroup;
			children = (
				7D86991D1C8F4A9D003BC1DC /* TimeshotApp */,
				7D86991C1C8F4A9D003BC1DC /* Products */,
				D760AC12C96F9D24EAB7A1B4 /* Pods */,
				82A90CB2B4101E6652DA70AD /* Frameworks */,
			);
			sourceTree = "<group>";
		};
		7D86991C1C8F4A9D003BC1DC /* Products */ = {
			isa = PBXGroup;
			children = (
				7D86991B1C8F4A9D003BC1DC /* TimeshotApp.app */,
			);
			name = Products;
			sourceTree = "<group>";
		};
		7D86991D1C8F4A9D003BC1DC /* TimeshotApp */ = {
			isa = PBXGroup;
			children = (
				5DB5A00B1CA1902500AADC9F /* Helpers */,
				B46B2B721C9ABA7E00135920 /* Models */,
				B46B2B731C9ABA8300135920 /* Views */,
				B46B2B711C9ABA7800135920 /* Controllers */,
				7DD0F9AF1C9EA0FB00A856B9 /* ImageTestAlbums */,
				7D86991E1C8F4A9D003BC1DC /* AppDelegate.swift */,
				7D8699251C8F4A9D003BC1DC /* Assets.xcassets */,
				7D8699271C8F4A9D003BC1DC /* LaunchScreen.storyboard */,
				7D86992A1C8F4A9D003BC1DC /* Info.plist */,
			);
			path = TimeshotApp;
			sourceTree = "<group>";
		};
		7DD0F9AA1C9DC68D00A856B9 /* Album */ = {
			isa = PBXGroup;
			children = (
				7DD0F9AB1C9DC6BE00A856B9 /* T_AlbumLiveTableViewCell.swift */,
				7DD0F9AD1C9DC6D700A856B9 /* T_AlbumFinishTableViewCell.swift */,
			);
			path = Album;
			sourceTree = "<group>";
		};
		7DD0F9AF1C9EA0FB00A856B9 /* ImageTestAlbums */ = {
			isa = PBXGroup;
			children = (
				7DD0F9B01C9EA0FB00A856B9 /* festival.jpg */,
				7DD0F9B11C9EA0FB00A856B9 /* mariage.jpg */,
				7DD0F9B21C9EA0FB00A856B9 /* soiree.jpg */,
				7DD0F9B31C9EA0FB00A856B9 /* voyage.jpg */,
			);
			path = ImageTestAlbums;
			sourceTree = "<group>";
		};
		82A90CB2B4101E6652DA70AD /* Frameworks */ = {
			isa = PBXGroup;
			children = (
				4F9E238D3F9C0AE128133098 /* Pods.framework */,
			);
			name = Frameworks;
			sourceTree = "<group>";
		};
		B43C0E881CABF43D00EF51E9 /* Camera */ = {
			isa = PBXGroup;
			children = (
				B43C0E8B1CABF4E900EF51E9 /* T_CameraViewController.swift */,
				B43C0E8C1CABF4E900EF51E9 /* T_ChooseContactsAlbumCreationViewController.swift */,
				B43C0E8D1CABF4E900EF51E9 /* T_CreateAlbumViewController.swift */,
				B43C0E8E1CABF4E900EF51E9 /* T_EditCameraImageViewController.swift */,
				B43C0E891CABF48300EF51E9 /* T_AddFriendToAlbumTableViewCell.swift */,
			);
			path = Camera;
			sourceTree = "<group>";
		};
		B46B2B711C9ABA7800135920 /* Controllers */ = {
			isa = PBXGroup;
			children = (
				B43C0E881CABF43D00EF51E9 /* Camera */,
				5DB5A0201CA1AD1000AADC9F /* UserProfile */,
				7DD0F9AA1C9DC68D00A856B9 /* Album */,
				B46B2B7C1C9ABB0400135920 /* T_HomePageViewController.swift */,
				B46B2B801C9ABB2900135920 /* T_AlbumViewController.swift */,
			);
			path = Controllers;
			sourceTree = "<group>";
		};
		B46B2B721C9ABA7E00135920 /* Models */ = {
			isa = PBXGroup;
			children = (
				B4C14BB81CA3DF2000413A1F /* T_Slider.swift */,
				B4C14BBA1CA3DF5000413A1F /* T_Filter.swift */,
				B4FF35D21CAB16EE00932B15 /* T_FriendAddedToAlbum.swift */,
			);
			path = Models;
			sourceTree = "<group>";
		};
		B46B2B731C9ABA8300135920 /* Views */ = {
			isa = PBXGroup;
			children = (
				B46B2B741C9ABAC500135920 /* Profile.storyboard */,
				B46B2B761C9ABADA00135920 /* Album.storyboard */,
				7D8699221C8F4A9D003BC1DC /* Main.storyboard */,
			);
			path = Views;
			sourceTree = "<group>";
		};
		D760AC12C96F9D24EAB7A1B4 /* Pods */ = {
			isa = PBXGroup;
			children = (
				78F7AD880E89307F1E906BF3 /* Pods.debug.xcconfig */,
				4770CD7F4BA867BF6C3AA239 /* Pods.release.xcconfig */,
			);
			name = Pods;
			sourceTree = "<group>";
		};
/* End PBXGroup section */

/* Begin PBXNativeTarget section */
		7D86991A1C8F4A9D003BC1DC /* TimeshotApp */ = {
			isa = PBXNativeTarget;
			buildConfigurationList = 7D86992D1C8F4A9D003BC1DC /* Build configuration list for PBXNativeTarget "TimeshotApp" */;
			buildPhases = (
				9B2D3C5B00C383FB1925FF68 /* Check Pods Manifest.lock */,
				7D8699171C8F4A9D003BC1DC /* Sources */,
				7D8699181C8F4A9D003BC1DC /* Frameworks */,
				7D8699191C8F4A9D003BC1DC /* Resources */,
				EBC51092A4833A9C9E6E4BA9 /* Embed Pods Frameworks */,
				1DC61F65C4C01C1E2FF6E7B4 /* Copy Pods Resources */,
			);
			buildRules = (
			);
			dependencies = (
			);
			name = TimeshotApp;
			productName = TimeshotApp;
			productReference = 7D86991B1C8F4A9D003BC1DC /* TimeshotApp.app */;
			productType = "com.apple.product-type.application";
		};
/* End PBXNativeTarget section */

/* Begin PBXProject section */
		7D8699131C8F4A9D003BC1DC /* Project object */ = {
			isa = PBXProject;
			attributes = {
				LastSwiftUpdateCheck = 0720;
				LastUpgradeCheck = 0720;
				ORGANIZATIONNAME = Timeshot;
				TargetAttributes = {
					7D86991A1C8F4A9D003BC1DC = {
						CreatedOnToolsVersion = 7.2.1;
						DevelopmentTeam = VH6T8695X3;
					};
				};
			};
			buildConfigurationList = 7D8699161C8F4A9D003BC1DC /* Build configuration list for PBXProject "TimeshotApp" */;
			compatibilityVersion = "Xcode 3.2";
			developmentRegion = English;
			hasScannedForEncodings = 0;
			knownRegions = (
				en,
				Base,
			);
			mainGroup = 7D8699121C8F4A9D003BC1DC;
			productRefGroup = 7D86991C1C8F4A9D003BC1DC /* Products */;
			projectDirPath = "";
			projectRoot = "";
			targets = (
				7D86991A1C8F4A9D003BC1DC /* TimeshotApp */,
			);
		};
/* End PBXProject section */

/* Begin PBXResourcesBuildPhase section */
		7D8699191C8F4A9D003BC1DC /* Resources */ = {
			isa = PBXResourcesBuildPhase;
			buildActionMask = 2147483647;
			files = (
				B45977071CAAE7CA00D57BED /* Profile.storyboard in Resources */,
				7D8699291C8F4A9D003BC1DC /* LaunchScreen.storyboard in Resources */,
				7DD0F9B61C9EA0FB00A856B9 /* soiree.jpg in Resources */,
				7DD0F9B41C9EA0FB00A856B9 /* festival.jpg in Resources */,
				7DD0F9B71C9EA0FB00A856B9 /* voyage.jpg in Resources */,
				7D8699291C8F4A9D003BC1DC /* LaunchScreen.storyboard in Resources */,
				7DD0F9B51C9EA0FB00A856B9 /* mariage.jpg in Resources */,
				7D8699261C8F4A9D003BC1DC /* Assets.xcassets in Resources */,
				7D8699241C8F4A9D003BC1DC /* Main.storyboard in Resources */,
				B46B2B771C9ABADA00135920 /* Album.storyboard in Resources */,
			);
			runOnlyForDeploymentPostprocessing = 0;
		};
/* End PBXResourcesBuildPhase section */

/* Begin PBXShellScriptBuildPhase section */
		1DC61F65C4C01C1E2FF6E7B4 /* Copy Pods Resources */ = {
			isa = PBXShellScriptBuildPhase;
			buildActionMask = 2147483647;
			files = (
			);
			inputPaths = (
			);
			name = "Copy Pods Resources";
			outputPaths = (
			);
			runOnlyForDeploymentPostprocessing = 0;
			shellPath = /bin/sh;
			shellScript = "\"${SRCROOT}/Pods/Target Support Files/Pods/Pods-resources.sh\"\n";
			showEnvVarsInLog = 0;
		};
		9B2D3C5B00C383FB1925FF68 /* Check Pods Manifest.lock */ = {
			isa = PBXShellScriptBuildPhase;
			buildActionMask = 2147483647;
			files = (
			);
			inputPaths = (
			);
			name = "Check Pods Manifest.lock";
			outputPaths = (
			);
			runOnlyForDeploymentPostprocessing = 0;
			shellPath = /bin/sh;
			shellScript = "diff \"${PODS_ROOT}/../Podfile.lock\" \"${PODS_ROOT}/Manifest.lock\" > /dev/null\nif [[ $? != 0 ]] ; then\n    cat << EOM\nerror: The sandbox is not in sync with the Podfile.lock. Run 'pod install' or update your CocoaPods installation.\nEOM\n    exit 1\nfi\n";
			showEnvVarsInLog = 0;
		};
		EBC51092A4833A9C9E6E4BA9 /* Embed Pods Frameworks */ = {
			isa = PBXShellScriptBuildPhase;
			buildActionMask = 2147483647;
			files = (
			);
			inputPaths = (
			);
			name = "Embed Pods Frameworks";
			outputPaths = (
			);
			runOnlyForDeploymentPostprocessing = 0;
			shellPath = /bin/sh;
			shellScript = "\"${SRCROOT}/Pods/Target Support Files/Pods/Pods-frameworks.sh\"\n";
			showEnvVarsInLog = 0;
		};
/* End PBXShellScriptBuildPhase section */

/* Begin PBXSourcesBuildPhase section */
		7D8699171C8F4A9D003BC1DC /* Sources */ = {
			isa = PBXSourcesBuildPhase;
			buildActionMask = 2147483647;
			files = (
				B4C14BBB1CA3DF5000413A1F /* T_Filter.swift in Sources */,
				7DD0F9AE1C9DC6D700A856B9 /* T_AlbumFinishTableViewCell.swift in Sources */,
				7DD0F9AC1C9DC6BF00A856B9 /* T_AlbumLiveTableViewCell.swift in Sources */,
				7D86991F1C8F4A9D003BC1DC /* AppDelegate.swift in Sources */,
				B4FF35D31CAB16EE00932B15 /* T_FriendAddedToAlbum.swift in Sources */,
				5DB5A00D1CA1905200AADC9F /* T_DesignHelper.swift in Sources */,
				5DB5A02F1CA1C8D400AADC9F /* T_SearchUserViewController.swift in Sources */,
				5DB5A0291CA1AD1000AADC9F /* T_ProfileEditionViewController.swift in Sources */,
				B43C0E8F1CABF4E900EF51E9 /* T_CameraViewController.swift in Sources */,
				B4C14BB91CA3DF2000413A1F /* T_Slider.swift in Sources */,
				5DB5A02A1CA1AD1000AADC9F /* T_ProfileViewController.swift in Sources */,
				5DB5A0271CA1AD1000AADC9F /* T_FriendRequestTableViewCell.swift in Sources */,
				B43C0E911CABF4E900EF51E9 /* T_CreateAlbumViewController.swift in Sources */,
				B43C0E901CABF4E900EF51E9 /* T_ChooseContactsAlbumCreationViewController.swift in Sources */,
				5DB5A02B1CA1AD1000AADC9F /* T_SettingsViewController.swift in Sources */,
				B4D9BDAA1CA4885100B28C52 /* T_String+Extension.swift in Sources */,
				B43C0E921CABF4E900EF51E9 /* T_EditCameraImageViewController.swift in Sources */,
				5DB5A0351CA2879B00AADC9F /* T_SearchContactViewController.swift in Sources */,
				B43C0E8A1CABF48300EF51E9 /* T_AddFriendToAlbumTableViewCell.swift in Sources */,
				5DB5A0281CA1AD1000AADC9F /* T_FriendTableViewCell.swift in Sources */,
				B46B2B7D1C9ABB0400135920 /* T_HomePageViewController.swift in Sources */,
				B46B2B811C9ABB2900135920 /* T_AlbumViewController.swift in Sources */,
				5DB5A0331CA1D2D900AADC9F /* T_ContactsHelper.swift in Sources */,
			);
			runOnlyForDeploymentPostprocessing = 0;
		};
/* End PBXSourcesBuildPhase section */

/* Begin PBXVariantGroup section */
		7D8699221C8F4A9D003BC1DC /* Main.storyboard */ = {
			isa = PBXVariantGroup;
			children = (
				7D8699231C8F4A9D003BC1DC /* Base */,
			);
			name = Main.storyboard;
			path = ..;
			sourceTree = "<group>";
		};
		7D8699271C8F4A9D003BC1DC /* LaunchScreen.storyboard */ = {
			isa = PBXVariantGroup;
			children = (
				7D8699281C8F4A9D003BC1DC /* Base */,
			);
			name = LaunchScreen.storyboard;
			sourceTree = "<group>";
		};
/* End PBXVariantGroup section */

/* Begin XCBuildConfiguration section */
		7D86992B1C8F4A9D003BC1DC /* Debug */ = {
			isa = XCBuildConfiguration;
			buildSettings = {
				ALWAYS_SEARCH_USER_PATHS = NO;
				CLANG_CXX_LANGUAGE_STANDARD = "gnu++0x";
				CLANG_CXX_LIBRARY = "libc++";
				CLANG_ENABLE_MODULES = YES;
				CLANG_ENABLE_OBJC_ARC = YES;
				CLANG_WARN_BOOL_CONVERSION = YES;
				CLANG_WARN_CONSTANT_CONVERSION = YES;
				CLANG_WARN_DIRECT_OBJC_ISA_USAGE = YES_ERROR;
				CLANG_WARN_EMPTY_BODY = YES;
				CLANG_WARN_ENUM_CONVERSION = YES;
				CLANG_WARN_INT_CONVERSION = YES;
				CLANG_WARN_OBJC_ROOT_CLASS = YES_ERROR;
				CLANG_WARN_UNREACHABLE_CODE = YES;
				CLANG_WARN__DUPLICATE_METHOD_MATCH = YES;
				"CODE_SIGN_IDENTITY[sdk=iphoneos*]" = "iPhone Developer";
				COPY_PHASE_STRIP = NO;
				DEBUG_INFORMATION_FORMAT = dwarf;
				ENABLE_STRICT_OBJC_MSGSEND = YES;
				ENABLE_TESTABILITY = YES;
				GCC_C_LANGUAGE_STANDARD = gnu99;
				GCC_DYNAMIC_NO_PIC = NO;
				GCC_NO_COMMON_BLOCKS = YES;
				GCC_OPTIMIZATION_LEVEL = 0;
				GCC_PREPROCESSOR_DEFINITIONS = (
					"DEBUG=1",
					"$(inherited)",
				);
				GCC_WARN_64_TO_32_BIT_CONVERSION = YES;
				GCC_WARN_ABOUT_RETURN_TYPE = YES_ERROR;
				GCC_WARN_UNDECLARED_SELECTOR = YES;
				GCC_WARN_UNINITIALIZED_AUTOS = YES_AGGRESSIVE;
				GCC_WARN_UNUSED_FUNCTION = YES;
				GCC_WARN_UNUSED_VARIABLE = YES;
				IPHONEOS_DEPLOYMENT_TARGET = 9.2;
				MTL_ENABLE_DEBUG_INFO = YES;
				ONLY_ACTIVE_ARCH = YES;
				SDKROOT = iphoneos;
				SWIFT_OPTIMIZATION_LEVEL = "-Onone";
			};
			name = Debug;
		};
		7D86992C1C8F4A9D003BC1DC /* Release */ = {
			isa = XCBuildConfiguration;
			buildSettings = {
				ALWAYS_SEARCH_USER_PATHS = NO;
				CLANG_CXX_LANGUAGE_STANDARD = "gnu++0x";
				CLANG_CXX_LIBRARY = "libc++";
				CLANG_ENABLE_MODULES = YES;
				CLANG_ENABLE_OBJC_ARC = YES;
				CLANG_WARN_BOOL_CONVERSION = YES;
				CLANG_WARN_CONSTANT_CONVERSION = YES;
				CLANG_WARN_DIRECT_OBJC_ISA_USAGE = YES_ERROR;
				CLANG_WARN_EMPTY_BODY = YES;
				CLANG_WARN_ENUM_CONVERSION = YES;
				CLANG_WARN_INT_CONVERSION = YES;
				CLANG_WARN_OBJC_ROOT_CLASS = YES_ERROR;
				CLANG_WARN_UNREACHABLE_CODE = YES;
				CLANG_WARN__DUPLICATE_METHOD_MATCH = YES;
				"CODE_SIGN_IDENTITY[sdk=iphoneos*]" = "iPhone Developer";
				COPY_PHASE_STRIP = NO;
				DEBUG_INFORMATION_FORMAT = "dwarf-with-dsym";
				ENABLE_NS_ASSERTIONS = NO;
				ENABLE_STRICT_OBJC_MSGSEND = YES;
				GCC_C_LANGUAGE_STANDARD = gnu99;
				GCC_NO_COMMON_BLOCKS = YES;
				GCC_WARN_64_TO_32_BIT_CONVERSION = YES;
				GCC_WARN_ABOUT_RETURN_TYPE = YES_ERROR;
				GCC_WARN_UNDECLARED_SELECTOR = YES;
				GCC_WARN_UNINITIALIZED_AUTOS = YES_AGGRESSIVE;
				GCC_WARN_UNUSED_FUNCTION = YES;
				GCC_WARN_UNUSED_VARIABLE = YES;
				IPHONEOS_DEPLOYMENT_TARGET = 9.2;
				MTL_ENABLE_DEBUG_INFO = NO;
				SDKROOT = iphoneos;
				VALIDATE_PRODUCT = YES;
			};
			name = Release;
		};
		7D86992E1C8F4A9D003BC1DC /* Debug */ = {
			isa = XCBuildConfiguration;
			baseConfigurationReference = 78F7AD880E89307F1E906BF3 /* Pods.debug.xcconfig */;
			buildSettings = {
				ASSETCATALOG_COMPILER_APPICON_NAME = AppIcon;
				CODE_SIGN_IDENTITY = "iPhone Developer";
				"CODE_SIGN_IDENTITY[sdk=iphoneos*]" = "iPhone Developer";
				INFOPLIST_FILE = TimeshotApp/Info.plist;
				IPHONEOS_DEPLOYMENT_TARGET = 8.0;
				LD_RUNPATH_SEARCH_PATHS = "$(inherited) @executable_path/Frameworks";
				PRODUCT_BUNDLE_IDENTIFIER = "com.Paul.TimeshotApp-2";
				PRODUCT_NAME = "$(TARGET_NAME)";
				PROVISIONING_PROFILE = "";
			};
			name = Debug;
		};
		7D86992F1C8F4A9D003BC1DC /* Release */ = {
			isa = XCBuildConfiguration;
			baseConfigurationReference = 4770CD7F4BA867BF6C3AA239 /* Pods.release.xcconfig */;
			buildSettings = {
				ASSETCATALOG_COMPILER_APPICON_NAME = AppIcon;
				CODE_SIGN_IDENTITY = "iPhone Developer";
				"CODE_SIGN_IDENTITY[sdk=iphoneos*]" = "iPhone Developer";
				INFOPLIST_FILE = TimeshotApp/Info.plist;
				IPHONEOS_DEPLOYMENT_TARGET = 8.0;
				LD_RUNPATH_SEARCH_PATHS = "$(inherited) @executable_path/Frameworks";
				PRODUCT_BUNDLE_IDENTIFIER = "com.Paul.TimeshotApp-2";
				PRODUCT_NAME = "$(TARGET_NAME)";
				PROVISIONING_PROFILE = "";
			};
			name = Release;
		};
/* End XCBuildConfiguration section */

/* Begin XCConfigurationList section */
		7D8699161C8F4A9D003BC1DC /* Build configuration list for PBXProject "TimeshotApp" */ = {
			isa = XCConfigurationList;
			buildConfigurations = (
				7D86992B1C8F4A9D003BC1DC /* Debug */,
				7D86992C1C8F4A9D003BC1DC /* Release */,
			);
			defaultConfigurationIsVisible = 0;
			defaultConfigurationName = Release;
		};
		7D86992D1C8F4A9D003BC1DC /* Build configuration list for PBXNativeTarget "TimeshotApp" */ = {
			isa = XCConfigurationList;
			buildConfigurations = (
				7D86992E1C8F4A9D003BC1DC /* Debug */,
				7D86992F1C8F4A9D003BC1DC /* Release */,
			);
			defaultConfigurationIsVisible = 0;
			defaultConfigurationName = Release;
		};
/* End XCConfigurationList section */
	};
	rootObject = 7D8699131C8F4A9D003BC1DC /* Project object */;
}
